
Microsoft Visual Studio Solution File, Format Version 12.00
# Visual Studio Version 17
VisualStudioVersion = 17.8.34322.80
MinimumVisualStudioVersion = 10.0.40219.1
Project("{FAE04EC0-301F-11D3-BF4B-00C04F79EFBC}") = "PatternBuddy", "PatternBuddy\PatternBuddy.csproj", "{8279E9A3-1FEB-48DE-8827-45B451B9A349}"
EndProject
Global
	GlobalSection(SolutionConfigurationPlatforms) = preSolution
		Debug|Any CPU = Debug|Any CPU
		Release|Any CPU = Release|Any CPU
	EndGlobalSection
	GlobalSection(ProjectConfigurationPlatforms) = postSolution
		{8279E9A3-1FEB-48DE-8827-45B451B9A349}.Debug|Any CPU.ActiveCfg = Debug|Any CPU
		{8279E9A3-1FEB-48DE-8827-45B451B9A349}.Debug|Any CPU.Build.0 = Debug|Any CPU
		{8279E9A3-1FEB-48DE-8827-45B451B9A349}.Release|Any CPU.ActiveCfg = Release|Any CPU
		{8279E9A3-1FEB-48DE-8827-45B451B9A349}.Release|Any CPU.Build.0 = Release|Any CPU
	EndGlobalSection
	GlobalSection(SolutionProperties) = preSolution
		HideSolutionNode = FALSE
	EndGlobalSection
	GlobalSection(ExtensibilityGlobals) = postSolution
		SolutionGuid = {7CEC55BC-2638-436F-A754-7738EAC6FCCA}
	EndGlobalSection
EndGlobal
